<?xml version="1.0" encoding="utf-8"?>
<Project ToolsVersion="4.0" xmlns="http://schemas.microsoft.com/developer/msbuild/2003">
  <ItemGroup>
    <Filter Include="源文件">
      <UniqueIdentifier>{4FC737F1-C7A5-4376-A066-2A32D752A2FF}</UniqueIdentifier>
      <Extensions>cpp;c;cc;cxx;c++;cppm;ixx;def;odl;idl;hpj;bat;asm;asmx</Extensions>
    </Filter>
    <Filter Include="头文件">
      <UniqueIdentifier>{93995380-89BD-4b04-88EB-625FBE52EBFB}</UniqueIdentifier>
      <Extensions>h;hh;hpp;hxx;h++;hm;inl;inc;ipp;xsd</Extensions>
    </Filter>
    <Filter Include="资源文件">
      <UniqueIdentifier>{67DA6AB6-F800-4c08-8B7A-83BB121AAD01}</UniqueIdentifier>
      <Extensions>rc;ico;cur;bmp;dlg;rc2;rct;bin;rgs;gif;jpg;jpeg;jpe;resx;tiff;tif;png;wav;mfcribbon-ms</Extensions>
    </Filter>
    <Filter Include="头文件\config">
      <UniqueIdentifier>{bd7c1f38-a05c-46e7-9f01-8ad4bf95f748}</UniqueIdentifier>
    </Filter>
    <Filter Include="头文件\util">
      <UniqueIdentifier>{05bd6e69-005d-44ec-8e9a-af3fa78412b2}</UniqueIdentifier>
    </Filter>
    <Filter Include="头文件\util\iniparser">
      <UniqueIdentifier>{f13fc5d0-269a-4c06-aa27-abbc8a7d72ac}</UniqueIdentifier>
    </Filter>
    <Filter Include="头文件\util\cjson">
      <UniqueIdentifier>{1fac1e18-4856-40e6-8ecc-ce6f4efe0226}</UniqueIdentifier>
    </Filter>
  </ItemGroup>
  <ItemGroup>
    <ClInclude Include="util\%40String.h">
      <Filter>头文件\util</Filter>
    </ClInclude>
    <ClInclude Include="util\iniparser\dictionary.h">
      <Filter>头文件\util\iniparser</Filter>
    </ClInclude>
    <ClInclude Include="util\iniparser\iniparser.h">
      <Filter>头文件\util\iniparser</Filter>
    </ClInclude>
    <ClInclude Include="foxhq.h">
      <Filter>头文件</Filter>
    </ClInclude>
    <ClInclude Include="util\cjson\cJSON.h">
      <Filter>头文件\util\cjson</Filter>
    </ClInclude>
  </ItemGroup>
  <ItemGroup>
    <ClCompile Include="util\iniparser\iniparser.c">
      <Filter>头文件\util\iniparser</Filter>
    </ClCompile>
    <ClCompile Include="util\iniparser\dictionary.c">
      <Filter>头文件\util\iniparser</Filter>
    </ClCompile>
    <ClCompile Include="main.c">
      <Filter>源文件</Filter>
    </ClCompile>
    <ClCompile Include="util\cjson\cJSON.c">
      <Filter>头文件\util\cjson</Filter>
    </ClCompile>
  </ItemGroup>
</Project>